
Microsoft Visual Studio Solution File, Format Version 12.00
# Visual Studio Version 17
VisualStudioVersion = 17.13.35825.156
MinimumVisualStudioVersion = 10.0.40219.1
Project("{FAE04EC0-301F-11D3-BF4B-00C04F79EFBC}") = "FizzBuzzApp", "FizzBuzzApp.csproj", "{25C0B9B7-1A00-49AD-974D-943ECD492867}"
EndProject
Project("{FAE04EC0-301F-11D3-BF4B-00C04F79EFBC}") = "FizzBuzzApp.Tests", "..\FizzBuzzApp.Tests\FizzBuzzApp.Tests.csproj", "{CDFAC50B-4182-4244-8CB8-412031D66B5E}"
EndProject
Global
	GlobalSection(SolutionConfigurationPlatforms) = preSolution
		Debug|Any CPU = Debug|Any CPU
		Release|Any CPU = Release|Any CPU
	EndGlobalSection
	GlobalSection(ProjectConfigurationPlatforms) = postSolution
		{25C0B9B7-1A00-49AD-974D-943ECD492867}.Debug|Any CPU.ActiveCfg = Debug|Any CPU
		{25C0B9B7-1A00-49AD-974D-943ECD492867}.Debug|Any CPU.Build.0 = Debug|Any CPU
		{25C0B9B7-1A00-49AD-974D-943ECD492867}.Release|Any CPU.ActiveCfg = Release|Any CPU
		{25C0B9B7-1A00-49AD-974D-943ECD492867}.Release|Any CPU.Build.0 = Release|Any CPU
		{CDFAC50B-4182-4244-8CB8-412031D66B5E}.Debug|Any CPU.ActiveCfg = Debug|Any CPU
		{CDFAC50B-4182-4244-8CB8-412031D66B5E}.Debug|Any CPU.Build.0 = Debug|Any CPU
		{CDFAC50B-4182-4244-8CB8-412031D66B5E}.Release|Any CPU.ActiveCfg = Release|Any CPU
		{CDFAC50B-4182-4244-8CB8-412031D66B5E}.Release|Any CPU.Build.0 = Release|Any CPU
	EndGlobalSection
	GlobalSection(SolutionProperties) = preSolution
		HideSolutionNode = FALSE
	EndGlobalSection
	GlobalSection(ExtensibilityGlobals) = postSolution
		SolutionGuid = {6AB3BED8-06E3-4D4F-B628-996B0BB2D52C}
	EndGlobalSection
EndGlobal
